
Microsoft Visual Studio Solution File, Format Version 12.00
# Visual Studio Version 16
VisualStudioVersion = 16.0.33130.400
MinimumVisualStudioVersion = 10.0.40219.1
Project("{FAE04EC0-301F-11D3-BF4B-00C04F79EFBC}") = "Server", "Server\Server.csproj", "{56163903-2D04-4710-815C-800F67BCB341}"
EndProject
Project("{FAE04EC0-301F-11D3-BF4B-00C04F79EFBC}") = "ServerCore", "ServerCore\ServerCore.csproj", "{5E1F3508-CE44-4F00-A2EE-4F35C52BC81B}"
EndProject
Project("{FAE04EC0-301F-11D3-BF4B-00C04F79EFBC}") = "DummyClient", "DummyClient\DummyClient.csproj", "{FB760037-6603-46C0-A09E-2591AABE7F1E}"
EndProject
Project("{FAE04EC0-301F-11D3-BF4B-00C04F79EFBC}") = "PacketGenerator", "PacketGenerator\PacketGenerator.csproj", "{6B29B87A-EBA4-47D8-B214-FA425BCDA320}"
EndProject
Project("{2150E333-8FDC-42A3-9474-1A3956D46DE8}") = "Tools", "Tools", "{AA5B3E00-E0C3-408E-90FE-11838FA81C3A}"
EndProject
Global
	GlobalSection(SolutionConfigurationPlatforms) = preSolution
		Debug|Any CPU = Debug|Any CPU
		Release|Any CPU = Release|Any CPU
	EndGlobalSection
	GlobalSection(ProjectConfigurationPlatforms) = postSolution
		{56163903-2D04-4710-815C-800F67BCB341}.Debug|Any CPU.ActiveCfg = Debug|Any CPU
		{56163903-2D04-4710-815C-800F67BCB341}.Debug|Any CPU.Build.0 = Debug|Any CPU
		{56163903-2D04-4710-815C-800F67BCB341}.Release|Any CPU.ActiveCfg = Release|Any CPU
		{56163903-2D04-4710-815C-800F67BCB341}.Release|Any CPU.Build.0 = Release|Any CPU
		{5E1F3508-CE44-4F00-A2EE-4F35C52BC81B}.Debug|Any CPU.ActiveCfg = Debug|Any CPU
		{5E1F3508-CE44-4F00-A2EE-4F35C52BC81B}.Debug|Any CPU.Build.0 = Debug|Any CPU
		{5E1F3508-CE44-4F00-A2EE-4F35C52BC81B}.Release|Any CPU.ActiveCfg = Release|Any CPU
		{5E1F3508-CE44-4F00-A2EE-4F35C52BC81B}.Release|Any CPU.Build.0 = Release|Any CPU
		{FB760037-6603-46C0-A09E-2591AABE7F1E}.Debug|Any CPU.ActiveCfg = Debug|Any CPU
		{FB760037-6603-46C0-A09E-2591AABE7F1E}.Debug|Any CPU.Build.0 = Debug|Any CPU
		{FB760037-6603-46C0-A09E-2591AABE7F1E}.Release|Any CPU.ActiveCfg = Release|Any CPU
		{FB760037-6603-46C0-A09E-2591AABE7F1E}.Release|Any CPU.Build.0 = Release|Any CPU
		{6B29B87A-EBA4-47D8-B214-FA425BCDA320}.Debug|Any CPU.ActiveCfg = Debug|Any CPU
		{6B29B87A-EBA4-47D8-B214-FA425BCDA320}.Debug|Any CPU.Build.0 = Debug|Any CPU
		{6B29B87A-EBA4-47D8-B214-FA425BCDA320}.Release|Any CPU.ActiveCfg = Release|Any CPU
		{6B29B87A-EBA4-47D8-B214-FA425BCDA320}.Release|Any CPU.Build.0 = Release|Any CPU
	EndGlobalSection
	GlobalSection(SolutionProperties) = preSolution
		HideSolutionNode = FALSE
	EndGlobalSection
	GlobalSection(ExtensibilityGlobals) = postSolution
		SolutionGuid = {29217995-F9CA-4EC4-85C4-81F919EC51F4}
	EndGlobalSection
	GlobalSection(NestedProjects) = preSolution
		{6B29B87A-EBA4-47D8-B214-FA425BCDA320} = {AA5B3E00-E0C3-408E-90FE-11838FA81C3A}
	EndGlobalSection
EndGlobal
